// !$*UTF8*$!
{
	archiveVersion = 1;
	classes = {
	};
	objectVersion = 46;
	objects = {

/* Begin PBXBuildFile section */
		D6919DA81ED1A7AE00A5887E /* VerticalContainerViewController.h in Headers */ = {isa = PBXBuildFile; fileRef = D6919DA61ED1A7AE00A5887E /* VerticalContainerViewController.h */; settings = {ATTRIBUTES = (Public, ); }; };
		D6919DAF1ED1A82600A5887E /* VerticalContainerViewController.swift in Sources */ = {isa = PBXBuildFile; fileRef = D6919DAE1ED1A82600A5887E /* VerticalContainerViewController.swift */; };
		D6919DD41ED1AA7600A5887E /* VerticalContainerPageable.swift in Sources */ = {isa = PBXBuildFile; fileRef = D6919DD31ED1AA7600A5887E /* VerticalContainerPageable.swift */; };
/* End PBXBuildFile section */

/* Begin PBXFileReference section */
		D6919DA31ED1A7AE00A5887E /* VerticalContainerViewController.framework */ = {isa = PBXFileReference; explicitFileType = wrapper.framework; includeInIndex = 0; path = VerticalContainerViewController.framework; sourceTree = BUILT_PRODUCTS_DIR; };
		D6919DA61ED1A7AE00A5887E /* VerticalContainerViewController.h */ = {isa = PBXFileReference; lastKnownFileType = sourcecode.c.h; path = VerticalContainerViewController.h; sourceTree = "<group>"; };
		D6919DA71ED1A7AE00A5887E /* Info.plist */ = {isa = PBXFileReference; lastKnownFileType = text.plist.xml; path = Info.plist; sourceTree = "<group>"; };
		D6919DAE1ED1A82600A5887E /* VerticalContainerViewController.swift */ = {isa = PBXFileReference; fileEncoding = 4; lastKnownFileType = sourcecode.swift; name = VerticalContainerViewController.swift; path = src/VerticalContainerViewController.swift; sourceTree = "<group>"; };
		D6919DD31ED1AA7600A5887E /* VerticalContainerPageable.swift */ = {isa = PBXFileReference; fileEncoding = 4; lastKnownFileType = sourcecode.swift; name = VerticalContainerPageable.swift; path = src/VerticalContainerPageable.swift; sourceTree = "<group>"; };
/* End PBXFileReference section */

/* Begin PBXFrameworksBuildPhase section */
		D6919D9F1ED1A7AE00A5887E /* Frameworks */ = {
			isa = PBXFrameworksBuildPhase;
			buildActionMask = 2147483647;
			files = (
			);
			runOnlyForDeploymentPostprocessing = 0;
		};
/* End PBXFrameworksBuildPhase section */

/* Begin PBXGroup section */
		D6919D991ED1A7AE00A5887E = {
			isa = PBXGroup;
			children = (
				D6919DA51ED1A7AE00A5887E /* VerticalContainerViewController */,
				D6919DA41ED1A7AE00A5887E /* Products */,
			);
			sourceTree = "<group>";
		};
		D6919DA41ED1A7AE00A5887E /* Products */ = {
			isa = PBXGroup;
			children = (
				D6919DA31ED1A7AE00A5887E /* VerticalContainerViewController.framework */,
			);
			name = Products;
			sourceTree = "<group>";
		};
		D6919DA51ED1A7AE00A5887E /* VerticalContainerViewController */ = {
			isa = PBXGroup;
			children = (
				D6919DB01ED1A82900A5887E /* src */,
				D6919DA61ED1A7AE00A5887E /* VerticalContainerViewController.h */,
				D6919DA71ED1A7AE00A5887E /* Info.plist */,
			);
			path = VerticalContainerViewController;
			sourceTree = "<group>";
		};
		D6919DB01ED1A82900A5887E /* src */ = {
			isa = PBXGroup;
			children = (
				D6919DAE1ED1A82600A5887E /* VerticalContainerViewController.swift */,
				D6919DD31ED1AA7600A5887E /* VerticalContainerPageable.swift */,
			);
			name = src;
			sourceTree = "<group>";
		};
/* End PBXGroup section */

/* Begin PBXHeadersBuildPhase section */
		D6919DA01ED1A7AE00A5887E /* Headers */ = {
			isa = PBXHeadersBuildPhase;
			buildActionMask = 2147483647;
			files = (
				D6919DA81ED1A7AE00A5887E /* VerticalContainerViewController.h in Headers */,
			);
			runOnlyForDeploymentPostprocessing = 0;
		};
/* End PBXHeadersBuildPhase section */

/* Begin PBXNativeTarget section */
		D6919DA21ED1A7AE00A5887E /* VerticalContainerViewController */ = {
			isa = PBXNativeTarget;
			buildConfigurationList = D6919DAB1ED1A7AE00A5887E /* Build configuration list for PBXNativeTarget "VerticalContainerViewController" */;
			buildPhases = (
				D6919D9E1ED1A7AE00A5887E /* Sources */,
				D6919D9F1ED1A7AE00A5887E /* Frameworks */,
				D6919DA01ED1A7AE00A5887E /* Headers */,
				D6919DA11ED1A7AE00A5887E /* Resources */,
			);
			buildRules = (
			);
			dependencies = (
			);
			name = VerticalContainerViewController;
			productName = VerticalContainerViewController;
			productReference = D6919DA31ED1A7AE00A5887E /* VerticalContainerViewController.framework */;
			productType = "com.apple.product-type.framework";
		};
/* End PBXNativeTarget section */

/* Begin PBXProject section */
		D6919D9A1ED1A7AE00A5887E /* Project object */ = {
			isa = PBXProject;
			attributes = {
				LastUpgradeCheck = 0830;
				ORGANIZATIONNAME = "Muronaka Hiroaki";
				TargetAttributes = {
					D6919DA21ED1A7AE00A5887E = {
						CreatedOnToolsVersion = 8.3.2;
						DevelopmentTeam = C3BE3ZYRWA;
						LastSwiftMigration = 0830;
						ProvisioningStyle = Automatic;
					};
				};
			};
			buildConfigurationList = D6919D9D1ED1A7AE00A5887E /* Build configuration list for PBXProject "VerticalContainerViewController" */;
			compatibilityVersion = "Xcode 3.2";
			developmentRegion = English;
			hasScannedForEncodings = 0;
			knownRegions = (
				en,
			);
			mainGroup = D6919D991ED1A7AE00A5887E;
			productRefGroup = D6919DA41ED1A7AE00A5887E /* Products */;
			projectDirPath = "";
			projectRoot = "";
			targets = (
				D6919DA21ED1A7AE00A5887E /* VerticalContainerViewController */,
			);
		};
/* End PBXProject section */

/* Begin PBXResourcesBuildPhase section */
		D6919DA11ED1A7AE00A5887E /* Resources */ = {
			isa = PBXResourcesBuildPhase;
			buildActionMask = 2147483647;
			files = (
			);
			runOnlyForDeploymentPostprocessing = 0;
		};
/* End PBXResourcesBuildPhase section */

/* Begin PBXSourcesBuildPhase section */
		D6919D9E1ED1A7AE00A5887E /* Sources */ = {
			isa = PBXSourcesBuildPhase;
			buildActionMask = 2147483647;
			files = (
				D6919DD41ED1AA7600A5887E /* VerticalContainerPageable.swift in Sources */,
				D6919DAF1ED1A82600A5887E /* VerticalContainerViewController.swift in Sources */,
			);
			runOnlyForDeploymentPostprocessing = 0;
		};
/* End PBXSourcesBuildPhase section */

/* Begin XCBuildConfiguration section */
		D6919DA91ED1A7AE00A5887E /* Debug */ = {
			isa = XCBuildConfiguration;
			buildSettings = {
				ALWAYS_SEARCH_USER_PATHS = NO;
				CLANG_ANALYZER_NONNULL = YES;
				CLANG_ANALYZER_NUMBER_OBJECT_CONVERSION = YES_AGGRESSIVE;
				CLANG_CXX_LANGUAGE_STANDARD = "gnu++0x";
				CLANG_CXX_LIBRARY = "libc++";
				CLANG_ENABLE_MODULES = YES;
				CLANG_ENABLE_OBJC_ARC = YES;
				CLANG_WARN_BOOL_CONVERSION = YES;
				CLANG_WARN_CONSTANT_CONVERSION = YES;
				CLANG_WARN_DIRECT_OBJC_ISA_USAGE = YES_ERROR;
				CLANG_WARN_DOCUMENTATION_COMMENTS = YES;
				CLANG_WARN_EMPTY_BODY = YES;
				CLANG_WARN_ENUM_CONVERSION = YES;
				CLANG_WARN_INFINITE_RECURSION = YES;
				CLANG_WARN_INT_CONVERSION = YES;
				CLANG_WARN_OBJC_ROOT_CLASS = YES_ERROR;
				CLANG_WARN_SUSPICIOUS_MOVE = YES;
				CLANG_WARN_UNREACHABLE_CODE = YES;
				CLANG_WARN__DUPLICATE_METHOD_MATCH = YES;
				"CODE_SIGN_IDENTITY[sdk=iphoneos*]" = "iPhone Developer";
				COPY_PHASE_STRIP = NO;
				CURRENT_PROJECT_VERSION = 1;
				DEBUG_INFORMATION_FORMAT = dwarf;
				ENABLE_STRICT_OBJC_MSGSEND = YES;
				ENABLE_TESTABILITY = YES;
				GCC_C_LANGUAGE_STANDARD = gnu99;
				GCC_DYNAMIC_NO_PIC = NO;
				GCC_NO_COMMON_BLOCKS = YES;
				GCC_OPTIMIZATION_LEVEL = 0;
				GCC_PREPROCESSOR_DEFINITIONS = (
					"DEBUG=1",
					"$(inherited)",
				);
				GCC_WARN_64_TO_32_BIT_CONVERSION = YES;
				GCC_WARN_ABOUT_RETURN_TYPE = YES_ERROR;
				GCC_WARN_UNDECLARED_SELECTOR = YES;
				GCC_WARN_UNINITIALIZED_AUTOS = YES_AGGRESSIVE;
				GCC_WARN_UNUSED_FUNCTION = YES;
				GCC_WARN_UNUSED_VARIABLE = YES;
				IPHONEOS_DEPLOYMENT_TARGET = 9.0;
				MTL_ENABLE_DEBUG_INFO = YES;
				ONLY_ACTIVE_ARCH = YES;
				SDKROOT = iphoneos;
				SWIFT_ACTIVE_COMPILATION_CONDITIONS = DEBUG;
				SWIFT_OPTIMIZATION_LEVEL = "-Onone";
				TARGETED_DEVICE_FAMILY = "1,2";
				VERSIONING_SYSTEM = "apple-generic";
				VERSION_INFO_PREFIX = "";
			};
			name = Debug;
		};
		D6919DAA1ED1A7AE00A5887E /* Release */ = {
			isa = XCBuildConfiguration;
			buildSettings = {
				ALWAYS_SEARCH_USER_PATHS = NO;
				CLANG_ANALYZER_NONNULL = YES;
				CLANG_ANALYZER_NUMBER_OBJECT_CONVERSION = YES_AGGRESSIVE;
				CLANG_CXX_LANGUAGE_STANDARD = "gnu++0x";
				CLANG_CXX_LIBRARY = "libc++";
				CLANG_ENABLE_MODULES = YES;
				CLANG_ENABLE_OBJC_ARC = YES;
				CLANG_WARN_BOOL_CONVERSION = YES;
				CLANG_WARN_CONSTANT_CONVERSION = YES;
				CLANG_WARN_DIRECT_OBJC_ISA_USAGE = YES_ERROR;
				CLANG_WARN_DOCUMENTATION_COMMENTS = YES;
				CLANG_WARN_EMPTY_BODY = YES;
				CLANG_WARN_ENUM_CONVERSION = YES;
				CLANG_WARN_INFINITE_RECURSION = YES;
				CLANG_WARN_INT_CONVERSION = YES;
				CLANG_WARN_OBJC_ROOT_CLASS = YES_ERROR;
				CLANG_WARN_SUSPICIOUS_MOVE = YES;
				CLANG_WARN_UNREACHABLE_CODE = YES;
				CLANG_WARN__DUPLICATE_METHOD_MATCH = YES;
				"CODE_SIGN_IDENTITY[sdk=iphoneos*]" = "iPhone Developer";
				COPY_PHASE_STRIP = NO;
				CURRENT_PROJECT_VERSION = 1;
				DEBUG_INFORMATION_FORMAT = "dwarf-with-dsym";
				ENABLE_NS_ASSERTIONS = NO;
				ENABLE_STRICT_OBJC_MSGSEND = YES;
				GCC_C_LANGUAGE_STANDARD = gnu99;
				GCC_NO_COMMON_BLOCKS = YES;
				GCC_WARN_64_TO_32_BIT_CONVERSION = YES;
				GCC_WARN_ABOUT_RETURN_TYPE = YES_ERROR;
				GCC_WARN_UNDECLARED_SELECTOR = YES;
				GCC_WARN_UNINITIALIZED_AUTOS = YES_AGGRESSIVE;
				GCC_WARN_UNUSED_FUNCTION = YES;
				GCC_WARN_UNUSED_VARIABLE = YES;
				IPHONEOS_DEPLOYMENT_TARGET = 9.0;
				MTL_ENABLE_DEBUG_INFO = NO;
				SDKROOT = iphoneos;
				SWIFT_OPTIMIZATION_LEVEL = "-Owholemodule";
				TARGETED_DEVICE_FAMILY = "1,2";
				VALIDATE_PRODUCT = YES;
				VERSIONING_SYSTEM = "apple-generic";
				VERSION_INFO_PREFIX = "";
			};
			name = Release;
		};
		D6919DAC1ED1A7AE00A5887E /* Debug */ = {
			isa = XCBuildConfiguration;
			buildSettings = {
				CLANG_ENABLE_MODULES = YES;
				CODE_SIGN_IDENTITY = "";
				DEFINES_MODULE = YES;
				DEVELOPMENT_TEAM = C3BE3ZYRWA;
				DYLIB_COMPATIBILITY_VERSION = 1;
				DYLIB_CURRENT_VERSION = 1;
				DYLIB_INSTALL_NAME_BASE = "@rpath";
				INFOPLIST_FILE = VerticalContainerViewController/Info.plist;
				INSTALL_PATH = "$(LOCAL_LIBRARY_DIR)/Frameworks";
				LD_RUNPATH_SEARCH_PATHS = "$(inherited) @executable_path/Frameworks @loader_path/Frameworks";
				PRODUCT_BUNDLE_IDENTIFIER = hmuronaka.VerticalContainerViewController;
				PRODUCT_NAME = "$(TARGET_NAME)";
				SKIP_INSTALL = YES;
				SWIFT_OPTIMIZATION_LEVEL = "-Onone";
				SWIFT_VERSION = 3.0;
			};
			name = Debug;
		};
		D6919DAD1ED1A7AE00A5887E /* Release */ = {
			isa = XCBuildConfiguration;
			buildSettings = {
				CLANG_ENABLE_MODULES = YES;
				CODE_SIGN_IDENTITY = "";
				DEFINES_MODULE = YES;
				DEVELOPMENT_TEAM = C3BE3ZYRWA;
				DYLIB_COMPATIBILITY_VERSION = 1;
				DYLIB_CURRENT_VERSION = 1;
				DYLIB_INSTALL_NAME_BASE = "@rpath";
				INFOPLIST_FILE = VerticalContainerViewController/Info.plist;
				INSTALL_PATH = "$(LOCAL_LIBRARY_DIR)/Frameworks";
				LD_RUNPATH_SEARCH_PATHS = "$(inherited) @executable_path/Frameworks @loader_path/Frameworks";
				PRODUCT_BUNDLE_IDENTIFIER = hmuronaka.VerticalContainerViewController;
				PRODUCT_NAME = "$(TARGET_NAME)";
				SKIP_INSTALL = YES;
				SWIFT_VERSION = 3.0;
			};
			name = Release;
		};
/* End XCBuildConfiguration section */

/* Begin XCConfigurationList section */
		D6919D9D1ED1A7AE00A5887E /* Build configuration list for PBXProject "VerticalContainerViewController" */ = {
			isa = XCConfigurationList;
			buildConfigurations = (
				D6919DA91ED1A7AE00A5887E /* Debug */,
				D6919DAA1ED1A7AE00A5887E /* Release */,
			);
			defaultConfigurationIsVisible = 0;
			defaultConfigurationName = Release;
		};
		D6919DAB1ED1A7AE00A5887E /* Build configuration list for PBXNativeTarget "VerticalContainerViewController" */ = {
			isa = XCConfigurationList;
			buildConfigurations = (
				D6919DAC1ED1A7AE00A5887E /* Debug */,
				D6919DAD1ED1A7AE00A5887E /* Release */,
			);
			defaultConfigurationIsVisible = 0;
			defaultConfigurationName = Release;
		};
/* End XCConfigurationList section */
	};
	rootObject = D6919D9A1ED1A7AE00A5887E /* Project object */;
}
